
Microsoft Visual Studio Solution File, Format Version 12.00
# Visual Studio 15
VisualStudioVersion = 15.0.27428.2015
MinimumVisualStudioVersion = 10.0.40219.1
Project("{888888A0-9F3D-457C-B088-3A5042F75D52}") = "tutorial", "tutorial.pyproj", "{036EB2DB-0C62-4F8A-A4C3-2C9D0C7B7BED}"
EndProject
Global
	GlobalSection(SolutionConfigurationPlatforms) = preSolution
		Debug|Any CPU = Debug|Any CPU
		Release|Any CPU = Release|Any CPU
	EndGlobalSection
	GlobalSection(ProjectConfigurationPlatforms) = postSolution
		{036EB2DB-0C62-4F8A-A4C3-2C9D0C7B7BED}.Debug|Any CPU.ActiveCfg = Debug|Any CPU
		{036EB2DB-0C62-4F8A-A4C3-2C9D0C7B7BED}.Release|Any CPU.ActiveCfg = Release|Any CPU
	EndGlobalSection
	GlobalSection(SolutionProperties) = preSolution
		HideSolutionNode = FALSE
	EndGlobalSection
	GlobalSection(ExtensibilityGlobals) = postSolution
		SolutionGuid = {5DCBD869-818D-422A-B455-BB5C1DD2E483}
	EndGlobalSection
EndGlobal
