
Microsoft Visual Studio Solution File, Format Version 12.00
# Visual Studio 15
VisualStudioVersion = 15.0.27428.2027
MinimumVisualStudioVersion = 10.0.40219.1
Project("{888888A0-9F3D-457C-B088-3A5042F75D52}") = "CreatingWebMap", "CreatingWebMap\CreatingWebMap.pyproj", "{AD0DE768-A9AE-471D-9C0E-B158526E6B90}"
EndProject
Global
	GlobalSection(SolutionConfigurationPlatforms) = preSolution
		Debug|Any CPU = Debug|Any CPU
		Release|Any CPU = Release|Any CPU
	EndGlobalSection
	GlobalSection(ProjectConfigurationPlatforms) = postSolution
		{AD0DE768-A9AE-471D-9C0E-B158526E6B90}.Debug|Any CPU.ActiveCfg = Debug|Any CPU
		{AD0DE768-A9AE-471D-9C0E-B158526E6B90}.Release|Any CPU.ActiveCfg = Release|Any CPU
	EndGlobalSection
	GlobalSection(SolutionProperties) = preSolution
		HideSolutionNode = FALSE
	EndGlobalSection
	GlobalSection(ExtensibilityGlobals) = postSolution
		SolutionGuid = {3F96EDC2-F334-414F-855E-883F5DE57C97}
	EndGlobalSection
EndGlobal
